
Microsoft Visual Studio Solution File, Format Version 12.00
# Visual Studio Version 16
VisualStudioVersion = 16.0.30523.141
MinimumVisualStudioVersion = 10.0.40219.1
Project("{FAE04EC0-301F-11D3-BF4B-00C04F79EFBC}") = "ConsoleAppGitCheck", "ConsoleAppGitCheck.csproj", "{8F40E5FE-66C5-4F00-8641-F36050936456}"
EndProject
Global
	GlobalSection(SolutionConfigurationPlatforms) = preSolution
		Debug|Any CPU = Debug|Any CPU
		Release|Any CPU = Release|Any CPU
	EndGlobalSection
	GlobalSection(ProjectConfigurationPlatforms) = postSolution
		{8F40E5FE-66C5-4F00-8641-F36050936456}.Debug|Any CPU.ActiveCfg = Debug|Any CPU
		{8F40E5FE-66C5-4F00-8641-F36050936456}.Debug|Any CPU.Build.0 = Debug|Any CPU
		{8F40E5FE-66C5-4F00-8641-F36050936456}.Release|Any CPU.ActiveCfg = Release|Any CPU
		{8F40E5FE-66C5-4F00-8641-F36050936456}.Release|Any CPU.Build.0 = Release|Any CPU
	EndGlobalSection
	GlobalSection(SolutionProperties) = preSolution
		HideSolutionNode = FALSE
	EndGlobalSection
	GlobalSection(ExtensibilityGlobals) = postSolution
		SolutionGuid = {B6F23A8A-E50C-4657-85F7-B4CADBF03C25}
	EndGlobalSection
EndGlobal
